{
    "_meta": {
        "hash": {
            "sha256": "c7a3f7d8f13cb5035ccbd46fff91944cb1abba89cc28e96c8dc7acb493cc7d4e"
        },
        "pipfile-spec": 6,
        "requires": {
            "python_version": "3.6"
        },
        "sources": [
            {
                "name": "pypi",
                "url": "https://pypi.org/simple",
                "verify_ssl": true
            }
        ]
    },
    "default": {
        "certifi": {
            "hashes": [
                "sha256:2bbf76fd432960138b3ef6dda3dde0544f27cbf8546c458e60baf371917ba9ee",
                "sha256:50b1e4f8446b06f41be7dd6338db18e0990601dce795c2b1686458aa7e8fa7d8"
            ],
            "version": "==2021.5.30"
        },
        "elasticsearch": {
            "hashes": [
                "sha256:9053ca99bc9db84f5d80e124a79a32dfa0f7079b2112b546a03241c0dbeda36d",
                "sha256:9a21bfa7dc6a0b0dc142088bd653d8ce5ab284b4f7a3ded716185adf5276a7fe"
            ],
            "index": "pypi",
            "version": "==7.10"
        },
        "urllib3": {
            "hashes": [
                "sha256:39fb8672126159acb139a7718dd10806104dec1e2f0f6c88aab05d17df10c8d4",
                "sha256:f57b4c16c62fa2760b7e3d97c35b255512fb6b59a259730f36ba32ce9f8e342f"
            ],
            "version": "==1.26.6"
        }
    },
    "develop": {}
}
